<?xml version="1.0" encoding="UTF-8" standalone="yes" ?>
<CodeBlocks_project_file>
	<FileVersion major="1" minor="6" />
	<Project>
		<Option title="lec29ex" />
		<Option pch_mode="2" />
		<Option compiler="gcc" />
		<Build>
			<Target title="Debug">
				<Option output="bin/Debug/lec29ex" prefix_auto="1" extension_auto="1" />
				<Option object_output="obj/Debug/" />
				<Option type="1" />
				<Option compiler="gcc" />
				<Option parameters="maze.txt" />
				<Compiler>
					<Add option="-g" />
				</Compiler>
				<Linker>
					<Add library="ncurses" />
				</Linker>
			</Target>
			<Target title="Release">
				<Option output="bin/Release/lec29ex" prefix_auto="1" extension_auto="1" />
				<Option object_output="obj/Release/" />
				<Option type="1" />
				<Option compiler="gcc" />
				<Option parameters="maze.txt" />
				<Compiler>
					<Add option="-O2" />
				</Compiler>
				<Linker>
					<Add option="-s" />
				</Linker>
			</Target>
		</Build>
		<Compiler>
			<Add option="-Wall" />
			<Add option="-fexceptions" />
		</Compiler>
		<Unit filename="Maze.cpp" />
		<Unit filename="Maze.h" />
		<Unit filename="RobotModel.cpp" />
		<Unit filename="RobotModel.h" />
		<Unit filename="RobotModelMazeFunctions.cpp" />
		<Unit filename="RobotModelMazeFunctions.h" />
		<Unit filename="main.cpp" />
		<Unit filename="useCurses.h" />
		<Extensions>
			<code_completion />
			<envvars />
			<debugger />
		</Extensions>
	</Project>
</CodeBlocks_project_file>
