<?xml version="1.0" encoding="UTF-8" standalone="yes" ?>
<CodeBlocks_project_file>
	<FileVersion major="1" minor="6" />
	<Project>
		<Option title="HW3_win" />
		<Option pch_mode="2" />
		<Option compiler="gcc" />
		<Build>
			<Target title="Debug">
				<Option output="bin\Debug\HW3_win" prefix_auto="1" extension_auto="1" />
				<Option object_output="obj\Debug\" />
				<Option type="1" />
				<Option compiler="gcc" />
				<Option parameters="maze.txt" />
				<Compiler>
					<Add option="-g" />
				</Compiler>
				<Linker>
					<Add library="pdcurses" />
				</Linker>
			</Target>
			<Target title="Release">
				<Option output="bin\Release\lec17ma_win" prefix_auto="1" extension_auto="1" />
				<Option object_output="obj\Release\" />
				<Option type="1" />
				<Option compiler="gcc" />
				<Option parameters="maze.txt" />
				<Compiler>
					<Add option="-O2" />
				</Compiler>
				<Linker>
					<Add option="-s" />
				</Linker>
			</Target>
		</Build>
		<Compiler>
			<Add option="-Wall" />
			<Add directory="pdcurses" />
		</Compiler>
		<Linker>
			<Add library="pdcurses\pdcurses.lib" />
			<Add directory="pdcurses" />
		</Linker>
		<Unit filename="hw3.cpp">
			<Option compilerVar="CPP" />
		</Unit>
		<Unit filename="maze.cpp">
			<Option compilerVar="CPP" />
		</Unit>
		<Unit filename="maze.h" />
		<Unit filename="robotModel.cpp">
			<Option compilerVar="CPP" />
		</Unit>
		<Unit filename="robotModel.h" />
		<Extensions>
			<code_completion />
			<envvars />
			<debugger />
		</Extensions>
	</Project>
</CodeBlocks_project_file>
